
Microsoft Visual Studio Solution File, Format Version 12.00
# Visual Studio 2013
VisualStudioVersion = 12.0.30110.0
MinimumVisualStudioVersion = 10.0.40219.1
Project("{2150E333-8FDC-42A3-9474-1A3956D46DE8}") = "Samples.FSharp", "Samples.FSharp", "{CB9B5E19-8643-410B-B1E2-F48E61BF084D}"
EndProject
Project("{2150E333-8FDC-42A3-9474-1A3956D46DE8}") = "Samples.NET", "Samples.NET", "{8EFA6668-AFA9-4B8C-939D-A9129CBFA1AC}"
EndProject
Project("{2150E333-8FDC-42A3-9474-1A3956D46DE8}") = "Samples.Silverlight", "Samples.Silverlight", "{F37BE9B4-598B-4569-A2B9-D26E96CE5BBA}"
EndProject
Project("{2150E333-8FDC-42A3-9474-1A3956D46DE8}") = "DynamicDataDisplay", "DynamicDataDisplay", "{34EEA2E6-FAD1-4312-AA30-3B6BDCA0E79A}"
	ProjectSection(SolutionItems) = preProject
		ExternalAssemblies\DynamicDataDisplay.Silverlight.dll = ExternalAssemblies\DynamicDataDisplay.Silverlight.dll
		ExternalAssemblies\System.Reactive.dll = ExternalAssemblies\System.Reactive.dll
	EndProjectSection
EndProject
Project("{FAE04EC0-301F-11D3-BF4B-00C04F79EFBC}") = "Oslo", "Oslo\Oslo.csproj", "{92589C2D-3833-496F-87E8-788FD511B162}"
EndProject
Project("{FAE04EC0-301F-11D3-BF4B-00C04F79EFBC}") = "Oslo.Tests", "Oslo.Tests\Oslo.Tests.csproj", "{BD2534FD-A6D8-42D5-AAE7-B90B96369BCE}"
EndProject
Project("{F2A71F9B-5D33-465A-A702-920D77279786}") = "FsBrusselatorSample", "Samples.FSharp\FsBrusselatorSample\FsBrusselatorSample.fsproj", "{538A4521-C20F-4DEE-8C4E-14A4A1A7CB4E}"
EndProject
Project("{FAE04EC0-301F-11D3-BF4B-00C04F79EFBC}") = "ConsoleSampleLotkaSystem", "Samples.NET\ConsoleSampleLotkaSystem\ConsoleSampleLotkaSystem.csproj", "{5F7FB32F-6BF4-4314-8E37-10B277FEB057}"
EndProject
Project("{FAE04EC0-301F-11D3-BF4B-00C04F79EFBC}") = "DataSetConsoleSampleOscillatingDNA", "Samples.NET\DataSetConsoleSampleOscillatingDNA\DataSetConsoleSampleOscillatingDNA.csproj", "{08AF2438-BD34-4EF0-836C-C0BB8ACC73C1}"
EndProject
Project("{FAE04EC0-301F-11D3-BF4B-00C04F79EFBC}") = "DataSetWPFSampleOscillatingDNA", "Samples.NET\DataSetSample\DataSetWPFSampleOscillatingDNA.csproj", "{145F2747-6710-43B2-8AEE-42557627E012}"
EndProject
Project("{FAE04EC0-301F-11D3-BF4B-00C04F79EFBC}") = "DataSetConsoleSampleLotkaSystem", "Samples.NET\LotkaConsoleExample\DataSetConsoleSampleLotkaSystem.csproj", "{8255B6DF-8C4A-4774-B7A3-C83A3AEDB488}"
EndProject
Project("{FAE04EC0-301F-11D3-BF4B-00C04F79EFBC}") = "AutocatalyticSample", "Samples.Silverlight\AutocatalyticSample\AutocatalyticSample.csproj", "{BD5F8057-7D2F-49E3-96E6-ACB1D45CF9B4}"
EndProject
Project("{FAE04EC0-301F-11D3-BF4B-00C04F79EFBC}") = "BrusselatorSample", "Samples.Silverlight\BrusselatorSample\BrusselatorSample.csproj", "{B8CC4BC1-3339-486F-B26F-774EB88C7767}"
EndProject
Project("{FAE04EC0-301F-11D3-BF4B-00C04F79EFBC}") = "ExponentSample", "Samples.Silverlight\ExponentSample\ExponentSample.csproj", "{DE12A503-2CB7-46B2-ACF5-9CF706E9EDCA}"
EndProject
Project("{FAE04EC0-301F-11D3-BF4B-00C04F79EFBC}") = "FelbergSample", "Samples.Silverlight\FelbergSample\FelbergSample.csproj", "{8B0832ED-EFE6-4DDC-B1B8-D199FB69DF5D}"
EndProject
Project("{FAE04EC0-301F-11D3-BF4B-00C04F79EFBC}") = "FloralMateriaSample", "Samples.Silverlight\FloralMateriaSample\FloralMateriaSample.csproj", "{F9549068-BDB1-4DE2-A865-AC4E406839A4}"
EndProject
Project("{FAE04EC0-301F-11D3-BF4B-00C04F79EFBC}") = "MHCSample", "Samples.Silverlight\MHCSample\MHCSample.csproj", "{564B898F-E14E-4FAF-B8B9-DA419B1B3798}"
EndProject
Project("{FAE04EC0-301F-11D3-BF4B-00C04F79EFBC}") = "OregonatorSample", "Samples.Silverlight\OregonatorSample\OregonatorSample.csproj", "{D88BA053-304A-47EB-A809-CF0F0F69818D}"
EndProject
Project("{FAE04EC0-301F-11D3-BF4B-00C04F79EFBC}") = "PopulationDynamics", "Samples.Silverlight\PopulationDynamics\PopulationDynamics.csproj", "{37613278-DA29-44A1-BB7E-94A0DAF12BC2}"
EndProject
Project("{FAE04EC0-301F-11D3-BF4B-00C04F79EFBC}") = "RMOdeSample", "Samples.Silverlight\RMOdeSample\RMOdeSample.csproj", "{460BA280-1D8E-4795-97E7-0031AC0D8930}"
EndProject
Project("{FAE04EC0-301F-11D3-BF4B-00C04F79EFBC}") = "TrigonometricSample", "Samples.Silverlight\TrigonometricSample\TrigonometricSample.csproj", "{25324D0C-D732-4A7F-A1A8-FFA2E4DE2515}"
EndProject
Project("{FAE04EC0-301F-11D3-BF4B-00C04F79EFBC}") = "VanDerPolSample", "Samples.Silverlight\VanDerPolSample\VanDerPolSample.csproj", "{405857DD-D7A7-4F36-9F74-6E5586418A2F}"
EndProject
Global
	GlobalSection(SolutionConfigurationPlatforms) = preSolution
		Debug|Any CPU = Debug|Any CPU
		Debug|Mixed Platforms = Debug|Mixed Platforms
		Debug|x86 = Debug|x86
		Release|Any CPU = Release|Any CPU
		Release|Mixed Platforms = Release|Mixed Platforms
		Release|x86 = Release|x86
	EndGlobalSection
	GlobalSection(ProjectConfigurationPlatforms) = postSolution
		{92589C2D-3833-496F-87E8-788FD511B162}.Debug|Any CPU.ActiveCfg = Debug|Any CPU
		{92589C2D-3833-496F-87E8-788FD511B162}.Debug|Any CPU.Build.0 = Debug|Any CPU
		{92589C2D-3833-496F-87E8-788FD511B162}.Debug|Mixed Platforms.ActiveCfg = Debug|Any CPU
		{92589C2D-3833-496F-87E8-788FD511B162}.Debug|Mixed Platforms.Build.0 = Debug|Any CPU
		{92589C2D-3833-496F-87E8-788FD511B162}.Debug|x86.ActiveCfg = Debug|Any CPU
		{92589C2D-3833-496F-87E8-788FD511B162}.Release|Any CPU.ActiveCfg = Release|Any CPU
		{92589C2D-3833-496F-87E8-788FD511B162}.Release|Any CPU.Build.0 = Release|Any CPU
		{92589C2D-3833-496F-87E8-788FD511B162}.Release|Mixed Platforms.ActiveCfg = Release|Any CPU
		{92589C2D-3833-496F-87E8-788FD511B162}.Release|Mixed Platforms.Build.0 = Release|Any CPU
		{92589C2D-3833-496F-87E8-788FD511B162}.Release|x86.ActiveCfg = Release|Any CPU
		{BD2534FD-A6D8-42D5-AAE7-B90B96369BCE}.Debug|Any CPU.ActiveCfg = Debug|Any CPU
		{BD2534FD-A6D8-42D5-AAE7-B90B96369BCE}.Debug|Any CPU.Build.0 = Debug|Any CPU
		{BD2534FD-A6D8-42D5-AAE7-B90B96369BCE}.Debug|Mixed Platforms.ActiveCfg = Debug|Any CPU
		{BD2534FD-A6D8-42D5-AAE7-B90B96369BCE}.Debug|Mixed Platforms.Build.0 = Debug|Any CPU
		{BD2534FD-A6D8-42D5-AAE7-B90B96369BCE}.Debug|x86.ActiveCfg = Debug|Any CPU
		{BD2534FD-A6D8-42D5-AAE7-B90B96369BCE}.Release|Any CPU.ActiveCfg = Release|Any CPU
		{BD2534FD-A6D8-42D5-AAE7-B90B96369BCE}.Release|Any CPU.Build.0 = Release|Any CPU
		{BD2534FD-A6D8-42D5-AAE7-B90B96369BCE}.Release|Mixed Platforms.ActiveCfg = Release|Any CPU
		{BD2534FD-A6D8-42D5-AAE7-B90B96369BCE}.Release|Mixed Platforms.Build.0 = Release|Any CPU
		{BD2534FD-A6D8-42D5-AAE7-B90B96369BCE}.Release|x86.ActiveCfg = Release|Any CPU
		{538A4521-C20F-4DEE-8C4E-14A4A1A7CB4E}.Debug|Any CPU.ActiveCfg = Debug|Any CPU
		{538A4521-C20F-4DEE-8C4E-14A4A1A7CB4E}.Debug|Any CPU.Build.0 = Debug|Any CPU
		{538A4521-C20F-4DEE-8C4E-14A4A1A7CB4E}.Debug|Mixed Platforms.ActiveCfg = Debug|Any CPU
		{538A4521-C20F-4DEE-8C4E-14A4A1A7CB4E}.Debug|Mixed Platforms.Build.0 = Debug|Any CPU
		{538A4521-C20F-4DEE-8C4E-14A4A1A7CB4E}.Debug|x86.ActiveCfg = Debug|Any CPU
		{538A4521-C20F-4DEE-8C4E-14A4A1A7CB4E}.Release|Any CPU.ActiveCfg = Release|Any CPU
		{538A4521-C20F-4DEE-8C4E-14A4A1A7CB4E}.Release|Any CPU.Build.0 = Release|Any CPU
		{538A4521-C20F-4DEE-8C4E-14A4A1A7CB4E}.Release|Mixed Platforms.ActiveCfg = Release|Any CPU
		{538A4521-C20F-4DEE-8C4E-14A4A1A7CB4E}.Release|Mixed Platforms.Build.0 = Release|Any CPU
		{538A4521-C20F-4DEE-8C4E-14A4A1A7CB4E}.Release|x86.ActiveCfg = Release|Any CPU
		{5F7FB32F-6BF4-4314-8E37-10B277FEB057}.Debug|Any CPU.ActiveCfg = Debug|Any CPU
		{5F7FB32F-6BF4-4314-8E37-10B277FEB057}.Debug|Any CPU.Build.0 = Debug|Any CPU
		{5F7FB32F-6BF4-4314-8E37-10B277FEB057}.Debug|Mixed Platforms.ActiveCfg = Debug|Any CPU
		{5F7FB32F-6BF4-4314-8E37-10B277FEB057}.Debug|Mixed Platforms.Build.0 = Debug|Any CPU
		{5F7FB32F-6BF4-4314-8E37-10B277FEB057}.Debug|x86.ActiveCfg = Debug|Any CPU
		{5F7FB32F-6BF4-4314-8E37-10B277FEB057}.Release|Any CPU.ActiveCfg = Release|Any CPU
		{5F7FB32F-6BF4-4314-8E37-10B277FEB057}.Release|Any CPU.Build.0 = Release|Any CPU
		{5F7FB32F-6BF4-4314-8E37-10B277FEB057}.Release|Mixed Platforms.ActiveCfg = Release|Any CPU
		{5F7FB32F-6BF4-4314-8E37-10B277FEB057}.Release|Mixed Platforms.Build.0 = Release|Any CPU
		{5F7FB32F-6BF4-4314-8E37-10B277FEB057}.Release|x86.ActiveCfg = Release|Any CPU
		{08AF2438-BD34-4EF0-836C-C0BB8ACC73C1}.Debug|Any CPU.ActiveCfg = Debug|Any CPU
		{08AF2438-BD34-4EF0-836C-C0BB8ACC73C1}.Debug|Any CPU.Build.0 = Debug|Any CPU
		{08AF2438-BD34-4EF0-836C-C0BB8ACC73C1}.Debug|Mixed Platforms.ActiveCfg = Debug|Any CPU
		{08AF2438-BD34-4EF0-836C-C0BB8ACC73C1}.Debug|Mixed Platforms.Build.0 = Debug|Any CPU
		{08AF2438-BD34-4EF0-836C-C0BB8ACC73C1}.Debug|x86.ActiveCfg = Debug|Any CPU
		{08AF2438-BD34-4EF0-836C-C0BB8ACC73C1}.Release|Any CPU.ActiveCfg = Release|Any CPU
		{08AF2438-BD34-4EF0-836C-C0BB8ACC73C1}.Release|Any CPU.Build.0 = Release|Any CPU
		{08AF2438-BD34-4EF0-836C-C0BB8ACC73C1}.Release|Mixed Platforms.ActiveCfg = Release|Any CPU
		{08AF2438-BD34-4EF0-836C-C0BB8ACC73C1}.Release|Mixed Platforms.Build.0 = Release|Any CPU
		{08AF2438-BD34-4EF0-836C-C0BB8ACC73C1}.Release|x86.ActiveCfg = Release|Any CPU
		{145F2747-6710-43B2-8AEE-42557627E012}.Debug|Any CPU.ActiveCfg = Debug|Any CPU
		{145F2747-6710-43B2-8AEE-42557627E012}.Debug|Any CPU.Build.0 = Debug|Any CPU
		{145F2747-6710-43B2-8AEE-42557627E012}.Debug|Mixed Platforms.ActiveCfg = Debug|Any CPU
		{145F2747-6710-43B2-8AEE-42557627E012}.Debug|Mixed Platforms.Build.0 = Debug|Any CPU
		{145F2747-6710-43B2-8AEE-42557627E012}.Debug|x86.ActiveCfg = Debug|Any CPU
		{145F2747-6710-43B2-8AEE-42557627E012}.Release|Any CPU.ActiveCfg = Release|Any CPU
		{145F2747-6710-43B2-8AEE-42557627E012}.Release|Any CPU.Build.0 = Release|Any CPU
		{145F2747-6710-43B2-8AEE-42557627E012}.Release|Mixed Platforms.ActiveCfg = Release|Any CPU
		{145F2747-6710-43B2-8AEE-42557627E012}.Release|Mixed Platforms.Build.0 = Release|Any CPU
		{145F2747-6710-43B2-8AEE-42557627E012}.Release|x86.ActiveCfg = Release|Any CPU
		{8255B6DF-8C4A-4774-B7A3-C83A3AEDB488}.Debug|Any CPU.ActiveCfg = Debug|x86
		{8255B6DF-8C4A-4774-B7A3-C83A3AEDB488}.Debug|Mixed Platforms.ActiveCfg = Debug|x86
		{8255B6DF-8C4A-4774-B7A3-C83A3AEDB488}.Debug|Mixed Platforms.Build.0 = Debug|x86
		{8255B6DF-8C4A-4774-B7A3-C83A3AEDB488}.Debug|x86.ActiveCfg = Debug|x86
		{8255B6DF-8C4A-4774-B7A3-C83A3AEDB488}.Debug|x86.Build.0 = Debug|x86
		{8255B6DF-8C4A-4774-B7A3-C83A3AEDB488}.Release|Any CPU.ActiveCfg = Release|x86
		{8255B6DF-8C4A-4774-B7A3-C83A3AEDB488}.Release|Mixed Platforms.ActiveCfg = Release|x86
		{8255B6DF-8C4A-4774-B7A3-C83A3AEDB488}.Release|Mixed Platforms.Build.0 = Release|x86
		{8255B6DF-8C4A-4774-B7A3-C83A3AEDB488}.Release|x86.ActiveCfg = Release|x86
		{8255B6DF-8C4A-4774-B7A3-C83A3AEDB488}.Release|x86.Build.0 = Release|x86
		{BD5F8057-7D2F-49E3-96E6-ACB1D45CF9B4}.Debug|Any CPU.ActiveCfg = Debug|Any CPU
		{BD5F8057-7D2F-49E3-96E6-ACB1D45CF9B4}.Debug|Any CPU.Build.0 = Debug|Any CPU
		{BD5F8057-7D2F-49E3-96E6-ACB1D45CF9B4}.Debug|Mixed Platforms.ActiveCfg = Debug|Any CPU
		{BD5F8057-7D2F-49E3-96E6-ACB1D45CF9B4}.Debug|Mixed Platforms.Build.0 = Debug|Any CPU
		{BD5F8057-7D2F-49E3-96E6-ACB1D45CF9B4}.Debug|x86.ActiveCfg = Debug|Any CPU
		{BD5F8057-7D2F-49E3-96E6-ACB1D45CF9B4}.Release|Any CPU.ActiveCfg = Release|Any CPU
		{BD5F8057-7D2F-49E3-96E6-ACB1D45CF9B4}.Release|Any CPU.Build.0 = Release|Any CPU
		{BD5F8057-7D2F-49E3-96E6-ACB1D45CF9B4}.Release|Mixed Platforms.ActiveCfg = Release|Any CPU
		{BD5F8057-7D2F-49E3-96E6-ACB1D45CF9B4}.Release|Mixed Platforms.Build.0 = Release|Any CPU
		{BD5F8057-7D2F-49E3-96E6-ACB1D45CF9B4}.Release|x86.ActiveCfg = Release|Any CPU
		{B8CC4BC1-3339-486F-B26F-774EB88C7767}.Debug|Any CPU.ActiveCfg = Debug|Any CPU
		{B8CC4BC1-3339-486F-B26F-774EB88C7767}.Debug|Any CPU.Build.0 = Debug|Any CPU
		{B8CC4BC1-3339-486F-B26F-774EB88C7767}.Debug|Mixed Platforms.ActiveCfg = Debug|Any CPU
		{B8CC4BC1-3339-486F-B26F-774EB88C7767}.Debug|Mixed Platforms.Build.0 = Debug|Any CPU
		{B8CC4BC1-3339-486F-B26F-774EB88C7767}.Debug|x86.ActiveCfg = Debug|Any CPU
		{B8CC4BC1-3339-486F-B26F-774EB88C7767}.Release|Any CPU.ActiveCfg = Release|Any CPU
		{B8CC4BC1-3339-486F-B26F-774EB88C7767}.Release|Any CPU.Build.0 = Release|Any CPU
		{B8CC4BC1-3339-486F-B26F-774EB88C7767}.Release|Mixed Platforms.ActiveCfg = Release|Any CPU
		{B8CC4BC1-3339-486F-B26F-774EB88C7767}.Release|Mixed Platforms.Build.0 = Release|Any CPU
		{B8CC4BC1-3339-486F-B26F-774EB88C7767}.Release|x86.ActiveCfg = Release|Any CPU
		{DE12A503-2CB7-46B2-ACF5-9CF706E9EDCA}.Debug|Any CPU.ActiveCfg = Debug|Any CPU
		{DE12A503-2CB7-46B2-ACF5-9CF706E9EDCA}.Debug|Any CPU.Build.0 = Debug|Any CPU
		{DE12A503-2CB7-46B2-ACF5-9CF706E9EDCA}.Debug|Mixed Platforms.ActiveCfg = Debug|Any CPU
		{DE12A503-2CB7-46B2-ACF5-9CF706E9EDCA}.Debug|Mixed Platforms.Build.0 = Debug|Any CPU
		{DE12A503-2CB7-46B2-ACF5-9CF706E9EDCA}.Debug|x86.ActiveCfg = Debug|Any CPU
		{DE12A503-2CB7-46B2-ACF5-9CF706E9EDCA}.Release|Any CPU.ActiveCfg = Release|Any CPU
		{DE12A503-2CB7-46B2-ACF5-9CF706E9EDCA}.Release|Any CPU.Build.0 = Release|Any CPU
		{DE12A503-2CB7-46B2-ACF5-9CF706E9EDCA}.Release|Mixed Platforms.ActiveCfg = Release|Any CPU
		{DE12A503-2CB7-46B2-ACF5-9CF706E9EDCA}.Release|Mixed Platforms.Build.0 = Release|Any CPU
		{DE12A503-2CB7-46B2-ACF5-9CF706E9EDCA}.Release|x86.ActiveCfg = Release|Any CPU
		{8B0832ED-EFE6-4DDC-B1B8-D199FB69DF5D}.Debug|Any CPU.ActiveCfg = Debug|Any CPU
		{8B0832ED-EFE6-4DDC-B1B8-D199FB69DF5D}.Debug|Any CPU.Build.0 = Debug|Any CPU
		{8B0832ED-EFE6-4DDC-B1B8-D199FB69DF5D}.Debug|Mixed Platforms.ActiveCfg = Debug|Any CPU
		{8B0832ED-EFE6-4DDC-B1B8-D199FB69DF5D}.Debug|Mixed Platforms.Build.0 = Debug|Any CPU
		{8B0832ED-EFE6-4DDC-B1B8-D199FB69DF5D}.Debug|x86.ActiveCfg = Debug|Any CPU
		{8B0832ED-EFE6-4DDC-B1B8-D199FB69DF5D}.Release|Any CPU.ActiveCfg = Release|Any CPU
		{8B0832ED-EFE6-4DDC-B1B8-D199FB69DF5D}.Release|Any CPU.Build.0 = Release|Any CPU
		{8B0832ED-EFE6-4DDC-B1B8-D199FB69DF5D}.Release|Mixed Platforms.ActiveCfg = Release|Any CPU
		{8B0832ED-EFE6-4DDC-B1B8-D199FB69DF5D}.Release|Mixed Platforms.Build.0 = Release|Any CPU
		{8B0832ED-EFE6-4DDC-B1B8-D199FB69DF5D}.Release|x86.ActiveCfg = Release|Any CPU
		{F9549068-BDB1-4DE2-A865-AC4E406839A4}.Debug|Any CPU.ActiveCfg = Debug|Any CPU
		{F9549068-BDB1-4DE2-A865-AC4E406839A4}.Debug|Any CPU.Build.0 = Debug|Any CPU
		{F9549068-BDB1-4DE2-A865-AC4E406839A4}.Debug|Mixed Platforms.ActiveCfg = Debug|Any CPU
		{F9549068-BDB1-4DE2-A865-AC4E406839A4}.Debug|Mixed Platforms.Build.0 = Debug|Any CPU
		{F9549068-BDB1-4DE2-A865-AC4E406839A4}.Debug|x86.ActiveCfg = Debug|Any CPU
		{F9549068-BDB1-4DE2-A865-AC4E406839A4}.Release|Any CPU.ActiveCfg = Release|Any CPU
		{F9549068-BDB1-4DE2-A865-AC4E406839A4}.Release|Any CPU.Build.0 = Release|Any CPU
		{F9549068-BDB1-4DE2-A865-AC4E406839A4}.Release|Mixed Platforms.ActiveCfg = Release|Any CPU
		{F9549068-BDB1-4DE2-A865-AC4E406839A4}.Release|Mixed Platforms.Build.0 = Release|Any CPU
		{F9549068-BDB1-4DE2-A865-AC4E406839A4}.Release|x86.ActiveCfg = Release|Any CPU
		{564B898F-E14E-4FAF-B8B9-DA419B1B3798}.Debug|Any CPU.ActiveCfg = Debug|Any CPU
		{564B898F-E14E-4FAF-B8B9-DA419B1B3798}.Debug|Any CPU.Build.0 = Debug|Any CPU
		{564B898F-E14E-4FAF-B8B9-DA419B1B3798}.Debug|Mixed Platforms.ActiveCfg = Debug|Any CPU
		{564B898F-E14E-4FAF-B8B9-DA419B1B3798}.Debug|Mixed Platforms.Build.0 = Debug|Any CPU
		{564B898F-E14E-4FAF-B8B9-DA419B1B3798}.Debug|x86.ActiveCfg = Debug|Any CPU
		{564B898F-E14E-4FAF-B8B9-DA419B1B3798}.Release|Any CPU.ActiveCfg = Release|Any CPU
		{564B898F-E14E-4FAF-B8B9-DA419B1B3798}.Release|Any CPU.Build.0 = Release|Any CPU
		{564B898F-E14E-4FAF-B8B9-DA419B1B3798}.Release|Mixed Platforms.ActiveCfg = Release|Any CPU
		{564B898F-E14E-4FAF-B8B9-DA419B1B3798}.Release|Mixed Platforms.Build.0 = Release|Any CPU
		{564B898F-E14E-4FAF-B8B9-DA419B1B3798}.Release|x86.ActiveCfg = Release|Any CPU
		{D88BA053-304A-47EB-A809-CF0F0F69818D}.Debug|Any CPU.ActiveCfg = Debug|Any CPU
		{D88BA053-304A-47EB-A809-CF0F0F69818D}.Debug|Any CPU.Build.0 = Debug|Any CPU
		{D88BA053-304A-47EB-A809-CF0F0F69818D}.Debug|Mixed Platforms.ActiveCfg = Debug|Any CPU
		{D88BA053-304A-47EB-A809-CF0F0F69818D}.Debug|Mixed Platforms.Build.0 = Debug|Any CPU
		{D88BA053-304A-47EB-A809-CF0F0F69818D}.Debug|x86.ActiveCfg = Debug|Any CPU
		{D88BA053-304A-47EB-A809-CF0F0F69818D}.Release|Any CPU.ActiveCfg = Release|Any CPU
		{D88BA053-304A-47EB-A809-CF0F0F69818D}.Release|Any CPU.Build.0 = Release|Any CPU
		{D88BA053-304A-47EB-A809-CF0F0F69818D}.Release|Mixed Platforms.ActiveCfg = Release|Any CPU
		{D88BA053-304A-47EB-A809-CF0F0F69818D}.Release|Mixed Platforms.Build.0 = Release|Any CPU
		{D88BA053-304A-47EB-A809-CF0F0F69818D}.Release|x86.ActiveCfg = Release|Any CPU
		{37613278-DA29-44A1-BB7E-94A0DAF12BC2}.Debug|Any CPU.ActiveCfg = Debug|Any CPU
		{37613278-DA29-44A1-BB7E-94A0DAF12BC2}.Debug|Any CPU.Build.0 = Debug|Any CPU
		{37613278-DA29-44A1-BB7E-94A0DAF12BC2}.Debug|Mixed Platforms.ActiveCfg = Debug|Any CPU
		{37613278-DA29-44A1-BB7E-94A0DAF12BC2}.Debug|Mixed Platforms.Build.0 = Debug|Any CPU
		{37613278-DA29-44A1-BB7E-94A0DAF12BC2}.Debug|x86.ActiveCfg = Debug|Any CPU
		{37613278-DA29-44A1-BB7E-94A0DAF12BC2}.Release|Any CPU.ActiveCfg = Release|Any CPU
		{37613278-DA29-44A1-BB7E-94A0DAF12BC2}.Release|Any CPU.Build.0 = Release|Any CPU
		{37613278-DA29-44A1-BB7E-94A0DAF12BC2}.Release|Mixed Platforms.ActiveCfg = Release|Any CPU
		{37613278-DA29-44A1-BB7E-94A0DAF12BC2}.Release|Mixed Platforms.Build.0 = Release|Any CPU
		{37613278-DA29-44A1-BB7E-94A0DAF12BC2}.Release|x86.ActiveCfg = Release|Any CPU
		{460BA280-1D8E-4795-97E7-0031AC0D8930}.Debug|Any CPU.ActiveCfg = Debug|Any CPU
		{460BA280-1D8E-4795-97E7-0031AC0D8930}.Debug|Any CPU.Build.0 = Debug|Any CPU
		{460BA280-1D8E-4795-97E7-0031AC0D8930}.Debug|Mixed Platforms.ActiveCfg = Debug|Any CPU
		{460BA280-1D8E-4795-97E7-0031AC0D8930}.Debug|Mixed Platforms.Build.0 = Debug|Any CPU
		{460BA280-1D8E-4795-97E7-0031AC0D8930}.Debug|x86.ActiveCfg = Debug|Any CPU
		{460BA280-1D8E-4795-97E7-0031AC0D8930}.Release|Any CPU.ActiveCfg = Release|Any CPU
		{460BA280-1D8E-4795-97E7-0031AC0D8930}.Release|Any CPU.Build.0 = Release|Any CPU
		{460BA280-1D8E-4795-97E7-0031AC0D8930}.Release|Mixed Platforms.ActiveCfg = Release|Any CPU
		{460BA280-1D8E-4795-97E7-0031AC0D8930}.Release|Mixed Platforms.Build.0 = Release|Any CPU
		{460BA280-1D8E-4795-97E7-0031AC0D8930}.Release|x86.ActiveCfg = Release|Any CPU
		{25324D0C-D732-4A7F-A1A8-FFA2E4DE2515}.Debug|Any CPU.ActiveCfg = Debug|Any CPU
		{25324D0C-D732-4A7F-A1A8-FFA2E4DE2515}.Debug|Any CPU.Build.0 = Debug|Any CPU
		{25324D0C-D732-4A7F-A1A8-FFA2E4DE2515}.Debug|Mixed Platforms.ActiveCfg = Debug|Any CPU
		{25324D0C-D732-4A7F-A1A8-FFA2E4DE2515}.Debug|Mixed Platforms.Build.0 = Debug|Any CPU
		{25324D0C-D732-4A7F-A1A8-FFA2E4DE2515}.Debug|x86.ActiveCfg = Debug|Any CPU
		{25324D0C-D732-4A7F-A1A8-FFA2E4DE2515}.Release|Any CPU.ActiveCfg = Release|Any CPU
		{25324D0C-D732-4A7F-A1A8-FFA2E4DE2515}.Release|Any CPU.Build.0 = Release|Any CPU
		{25324D0C-D732-4A7F-A1A8-FFA2E4DE2515}.Release|Mixed Platforms.ActiveCfg = Release|Any CPU
		{25324D0C-D732-4A7F-A1A8-FFA2E4DE2515}.Release|Mixed Platforms.Build.0 = Release|Any CPU
		{25324D0C-D732-4A7F-A1A8-FFA2E4DE2515}.Release|x86.ActiveCfg = Release|Any CPU
		{405857DD-D7A7-4F36-9F74-6E5586418A2F}.Debug|Any CPU.ActiveCfg = Debug|Any CPU
		{405857DD-D7A7-4F36-9F74-6E5586418A2F}.Debug|Any CPU.Build.0 = Debug|Any CPU
		{405857DD-D7A7-4F36-9F74-6E5586418A2F}.Debug|Mixed Platforms.ActiveCfg = Debug|Any CPU
		{405857DD-D7A7-4F36-9F74-6E5586418A2F}.Debug|Mixed Platforms.Build.0 = Debug|Any CPU
		{405857DD-D7A7-4F36-9F74-6E5586418A2F}.Debug|x86.ActiveCfg = Debug|Any CPU
		{405857DD-D7A7-4F36-9F74-6E5586418A2F}.Release|Any CPU.ActiveCfg = Release|Any CPU
		{405857DD-D7A7-4F36-9F74-6E5586418A2F}.Release|Any CPU.Build.0 = Release|Any CPU
		{405857DD-D7A7-4F36-9F74-6E5586418A2F}.Release|Mixed Platforms.ActiveCfg = Release|Any CPU
		{405857DD-D7A7-4F36-9F74-6E5586418A2F}.Release|Mixed Platforms.Build.0 = Release|Any CPU
		{405857DD-D7A7-4F36-9F74-6E5586418A2F}.Release|x86.ActiveCfg = Release|Any CPU
	EndGlobalSection
	GlobalSection(SolutionProperties) = preSolution
		HideSolutionNode = FALSE
	EndGlobalSection
	GlobalSection(NestedProjects) = preSolution
		{538A4521-C20F-4DEE-8C4E-14A4A1A7CB4E} = {CB9B5E19-8643-410B-B1E2-F48E61BF084D}
		{5F7FB32F-6BF4-4314-8E37-10B277FEB057} = {8EFA6668-AFA9-4B8C-939D-A9129CBFA1AC}
		{08AF2438-BD34-4EF0-836C-C0BB8ACC73C1} = {8EFA6668-AFA9-4B8C-939D-A9129CBFA1AC}
		{145F2747-6710-43B2-8AEE-42557627E012} = {8EFA6668-AFA9-4B8C-939D-A9129CBFA1AC}
		{8255B6DF-8C4A-4774-B7A3-C83A3AEDB488} = {8EFA6668-AFA9-4B8C-939D-A9129CBFA1AC}
		{BD5F8057-7D2F-49E3-96E6-ACB1D45CF9B4} = {F37BE9B4-598B-4569-A2B9-D26E96CE5BBA}
		{B8CC4BC1-3339-486F-B26F-774EB88C7767} = {F37BE9B4-598B-4569-A2B9-D26E96CE5BBA}
		{DE12A503-2CB7-46B2-ACF5-9CF706E9EDCA} = {F37BE9B4-598B-4569-A2B9-D26E96CE5BBA}
		{8B0832ED-EFE6-4DDC-B1B8-D199FB69DF5D} = {F37BE9B4-598B-4569-A2B9-D26E96CE5BBA}
		{F9549068-BDB1-4DE2-A865-AC4E406839A4} = {F37BE9B4-598B-4569-A2B9-D26E96CE5BBA}
		{564B898F-E14E-4FAF-B8B9-DA419B1B3798} = {F37BE9B4-598B-4569-A2B9-D26E96CE5BBA}
		{D88BA053-304A-47EB-A809-CF0F0F69818D} = {F37BE9B4-598B-4569-A2B9-D26E96CE5BBA}
		{37613278-DA29-44A1-BB7E-94A0DAF12BC2} = {F37BE9B4-598B-4569-A2B9-D26E96CE5BBA}
		{460BA280-1D8E-4795-97E7-0031AC0D8930} = {F37BE9B4-598B-4569-A2B9-D26E96CE5BBA}
		{25324D0C-D732-4A7F-A1A8-FFA2E4DE2515} = {F37BE9B4-598B-4569-A2B9-D26E96CE5BBA}
		{405857DD-D7A7-4F36-9F74-6E5586418A2F} = {F37BE9B4-598B-4569-A2B9-D26E96CE5BBA}
	EndGlobalSection
EndGlobal
